
Microsoft Visual Studio Solution File, Format Version 12.00
# Visual Studio Version 17
VisualStudioVersion = 17.2.32630.192
MinimumVisualStudioVersion = 10.0.40219.1
Project("{FAE04EC0-301F-11D3-BF4B-00C04F79EFBC}") = "BulkyBookWeb", "BulkyBookWeb\BulkyBookWeb.csproj", "{C5A3B604-D93A-4D88-9D0F-28DA48C23160}"
EndProject
Global
	GlobalSection(SolutionConfigurationPlatforms) = preSolution
		Debug|Any CPU = Debug|Any CPU
		Release|Any CPU = Release|Any CPU
	EndGlobalSection
	GlobalSection(ProjectConfigurationPlatforms) = postSolution
		{C5A3B604-D93A-4D88-9D0F-28DA48C23160}.Debug|Any CPU.ActiveCfg = Debug|Any CPU
		{C5A3B604-D93A-4D88-9D0F-28DA48C23160}.Debug|Any CPU.Build.0 = Debug|Any CPU
		{C5A3B604-D93A-4D88-9D0F-28DA48C23160}.Release|Any CPU.ActiveCfg = Release|Any CPU
		{C5A3B604-D93A-4D88-9D0F-28DA48C23160}.Release|Any CPU.Build.0 = Release|Any CPU
	EndGlobalSection
	GlobalSection(SolutionProperties) = preSolution
		HideSolutionNode = FALSE
	EndGlobalSection
	GlobalSection(ExtensibilityGlobals) = postSolution
		SolutionGuid = {729F837B-5343-48B3-A318-CB0FC7DF6428}
	EndGlobalSection
EndGlobal
